
Microsoft Visual Studio Solution File, Format Version 12.00
# Visual Studio Version 16
VisualStudioVersion = 16.0.29424.173
MinimumVisualStudioVersion = 10.0.40219.1
Project("{9A19103F-16F7-4668-BE54-9A1E7A4F7556}") = "Task5_2.DAL", "Task5_2.DAL\Task5_2.DAL.csproj", "{379393FB-7814-46EA-BD26-92418EF196B3}"
EndProject
Project("{FAE04EC0-301F-11D3-BF4B-00C04F79EFBC}") = "Task5_2.BLL", "Task5_2.BLL\Task5_2.BLL.csproj", "{9F938D0E-95E6-483F-AD42-C61949151DC2}"
EndProject
Project("{FAE04EC0-301F-11D3-BF4B-00C04F79EFBC}") = "Task5_2.ConsoleApp", "Task5_2.ConsoleApp\Task5_2.ConsoleApp.csproj", "{CEB5AF1D-DFEA-458A-BCDA-7A0D77D2AC9F}"
EndProject
Global
	GlobalSection(SolutionConfigurationPlatforms) = preSolution
		Debug|Any CPU = Debug|Any CPU
		Release|Any CPU = Release|Any CPU
	EndGlobalSection
	GlobalSection(ProjectConfigurationPlatforms) = postSolution
		{379393FB-7814-46EA-BD26-92418EF196B3}.Debug|Any CPU.ActiveCfg = Debug|Any CPU
		{379393FB-7814-46EA-BD26-92418EF196B3}.Debug|Any CPU.Build.0 = Debug|Any CPU
		{379393FB-7814-46EA-BD26-92418EF196B3}.Release|Any CPU.ActiveCfg = Release|Any CPU
		{379393FB-7814-46EA-BD26-92418EF196B3}.Release|Any CPU.Build.0 = Release|Any CPU
		{9F938D0E-95E6-483F-AD42-C61949151DC2}.Debug|Any CPU.ActiveCfg = Debug|Any CPU
		{9F938D0E-95E6-483F-AD42-C61949151DC2}.Debug|Any CPU.Build.0 = Debug|Any CPU
		{9F938D0E-95E6-483F-AD42-C61949151DC2}.Release|Any CPU.ActiveCfg = Release|Any CPU
		{9F938D0E-95E6-483F-AD42-C61949151DC2}.Release|Any CPU.Build.0 = Release|Any CPU
		{CEB5AF1D-DFEA-458A-BCDA-7A0D77D2AC9F}.Debug|Any CPU.ActiveCfg = Debug|Any CPU
		{CEB5AF1D-DFEA-458A-BCDA-7A0D77D2AC9F}.Debug|Any CPU.Build.0 = Debug|Any CPU
		{CEB5AF1D-DFEA-458A-BCDA-7A0D77D2AC9F}.Release|Any CPU.ActiveCfg = Release|Any CPU
		{CEB5AF1D-DFEA-458A-BCDA-7A0D77D2AC9F}.Release|Any CPU.Build.0 = Release|Any CPU
	EndGlobalSection
	GlobalSection(SolutionProperties) = preSolution
		HideSolutionNode = FALSE
	EndGlobalSection
	GlobalSection(ExtensibilityGlobals) = postSolution
		SolutionGuid = {46E6BFD3-CA57-4DA6-A2AB-496F39B083B5}
	EndGlobalSection
EndGlobal
